
Microsoft Visual Studio Solution File, Format Version 12.00
# Visual Studio Version 16
VisualStudioVersion = 16.0.30621.155
MinimumVisualStudioVersion = 10.0.40219.1
Project("{FAE04EC0-301F-11D3-BF4B-00C04F79EFBC}") = "RunExecutable", "RunExecutable.csproj", "{8C667EF3-2859-4AD8-96A7-257A5A18AB57}"
EndProject
Project("{FAE04EC0-301F-11D3-BF4B-00C04F79EFBC}") = "TestRunArguments", "..\TestRunArguments\TestRunArguments.csproj", "{8E56F724-4FBE-448B-A237-5205B986C9C2}"
EndProject
Global
	GlobalSection(SolutionConfigurationPlatforms) = preSolution
		Debug|Any CPU = Debug|Any CPU
		Release|Any CPU = Release|Any CPU
	EndGlobalSection
	GlobalSection(ProjectConfigurationPlatforms) = postSolution
		{8C667EF3-2859-4AD8-96A7-257A5A18AB57}.Debug|Any CPU.ActiveCfg = Debug|Any CPU
		{8C667EF3-2859-4AD8-96A7-257A5A18AB57}.Debug|Any CPU.Build.0 = Debug|Any CPU
		{8C667EF3-2859-4AD8-96A7-257A5A18AB57}.Release|Any CPU.ActiveCfg = Release|Any CPU
		{8C667EF3-2859-4AD8-96A7-257A5A18AB57}.Release|Any CPU.Build.0 = Release|Any CPU
		{8E56F724-4FBE-448B-A237-5205B986C9C2}.Debug|Any CPU.ActiveCfg = Debug|Any CPU
		{8E56F724-4FBE-448B-A237-5205B986C9C2}.Debug|Any CPU.Build.0 = Debug|Any CPU
		{8E56F724-4FBE-448B-A237-5205B986C9C2}.Release|Any CPU.ActiveCfg = Release|Any CPU
		{8E56F724-4FBE-448B-A237-5205B986C9C2}.Release|Any CPU.Build.0 = Release|Any CPU
	EndGlobalSection
	GlobalSection(SolutionProperties) = preSolution
		HideSolutionNode = FALSE
	EndGlobalSection
	GlobalSection(ExtensibilityGlobals) = postSolution
		SolutionGuid = {C3F4D09B-D7C2-4DED-A58D-0BEF56FD9F6D}
	EndGlobalSection
EndGlobal
